
Microsoft Visual Studio Solution File, Format Version 12.00
# Visual Studio Version 17
VisualStudioVersion = 17.5.33414.496
MinimumVisualStudioVersion = 10.0.40219.1
Project("{FAE04EC0-301F-11D3-BF4B-00C04F79EFBC}") = "Task_b", "Task_b.csproj", "{4C78EAB8-CC48-4612-B3DD-02B4EB671313}"
EndProject
Global
	GlobalSection(SolutionConfigurationPlatforms) = preSolution
		Debug|Any CPU = Debug|Any CPU
		Release|Any CPU = Release|Any CPU
	EndGlobalSection
	GlobalSection(ProjectConfigurationPlatforms) = postSolution
		{4C78EAB8-CC48-4612-B3DD-02B4EB671313}.Debug|Any CPU.ActiveCfg = Debug|Any CPU
		{4C78EAB8-CC48-4612-B3DD-02B4EB671313}.Debug|Any CPU.Build.0 = Debug|Any CPU
		{4C78EAB8-CC48-4612-B3DD-02B4EB671313}.Release|Any CPU.ActiveCfg = Release|Any CPU
		{4C78EAB8-CC48-4612-B3DD-02B4EB671313}.Release|Any CPU.Build.0 = Release|Any CPU
	EndGlobalSection
	GlobalSection(SolutionProperties) = preSolution
		HideSolutionNode = FALSE
	EndGlobalSection
	GlobalSection(ExtensibilityGlobals) = postSolution
		SolutionGuid = {09868C90-3E5E-467C-81A6-FDD83CB8F3A8}
	EndGlobalSection
EndGlobal
